
Microsoft Visual Studio Solution File, Format Version 12.00
# Visual Studio Version 16
VisualStudioVersion = 16.0.30320.27
MinimumVisualStudioVersion = 10.0.40219.1
Project("{8BC9CEB8-8B4A-11D0-8D11-00A0C91BC942}") = "GoldenEngine-core", "GoldenEngine-core\GoldenEngine-core.vcxproj", "{E9E482B4-A671-414C-B1AF-22F134A7CBFA}"
EndProject
Global
	GlobalSection(SolutionConfigurationPlatforms) = preSolution
		Debug|x64 = Debug|x64
		Debug|x86 = Debug|x86
		Release|x64 = Release|x64
		Release|x86 = Release|x86
	EndGlobalSection
	GlobalSection(ProjectConfigurationPlatforms) = postSolution
		{E9E482B4-A671-414C-B1AF-22F134A7CBFA}.Debug|x64.ActiveCfg = Debug|x64
		{E9E482B4-A671-414C-B1AF-22F134A7CBFA}.Debug|x64.Build.0 = Debug|x64
		{E9E482B4-A671-414C-B1AF-22F134A7CBFA}.Debug|x86.ActiveCfg = Debug|Win32
		{E9E482B4-A671-414C-B1AF-22F134A7CBFA}.Debug|x86.Build.0 = Debug|Win32
		{E9E482B4-A671-414C-B1AF-22F134A7CBFA}.Release|x64.ActiveCfg = Release|x64
		{E9E482B4-A671-414C-B1AF-22F134A7CBFA}.Release|x64.Build.0 = Release|x64
		{E9E482B4-A671-414C-B1AF-22F134A7CBFA}.Release|x86.ActiveCfg = Release|Win32
		{E9E482B4-A671-414C-B1AF-22F134A7CBFA}.Release|x86.Build.0 = Release|Win32
	EndGlobalSection
	GlobalSection(SolutionProperties) = preSolution
		HideSolutionNode = FALSE
	EndGlobalSection
	GlobalSection(ExtensibilityGlobals) = postSolution
		SolutionGuid = {476E9FB8-0099-41B3-9EBA-8E209E0BC8CB}
	EndGlobalSection
EndGlobal
