<?xml version="1.0" encoding="utf-8"?>
<Project ToolsVersion="4.0" xmlns="http://schemas.microsoft.com/developer/msbuild/2003">
  <ItemGroup>
    <Filter Include="extLibs">
      <UniqueIdentifier>{0034C382-6C13-421E-752B-CDF4E189A87F}</UniqueIdentifier>
    </Filter>
    <Filter Include="extLibs\freetype">
      <UniqueIdentifier>{B3B21E33-9FAB-3D85-C8DD-220AB4351D91}</UniqueIdentifier>
    </Filter>
    <Filter Include="extLibs\freetype\include">
      <UniqueIdentifier>{26DD4065-1202-90E5-3B4D-757527D18E03}</UniqueIdentifier>
    </Filter>
    <Filter Include="extLibs\freetype\include\freetype">
      <UniqueIdentifier>{99069CC5-0575-F144-4E5E-AC44BA0BE7E0}</UniqueIdentifier>
    </Filter>
    <Filter Include="extLibs\freetype\include\freetype\config">
      <UniqueIdentifier>{9E0F68AD-8A8C-5BF0-B309-5C049FE5F783}</UniqueIdentifier>
    </Filter>
    <Filter Include="extLibs\freetype\src">
      <UniqueIdentifier>{4A92EA33-3621-74FD-DF3F-88F8CBAD84A3}</UniqueIdentifier>
    </Filter>
    <Filter Include="extLibs\freetype\src\autofit">
      <UniqueIdentifier>{B5A099C6-A15B-8972-4A13-02BD36ADD302}</UniqueIdentifier>
    </Filter>
    <Filter Include="extLibs\freetype\src\base">
      <UniqueIdentifier>{34797D77-A03B-B101-E9EB-3F8E55ED89DF}</UniqueIdentifier>
    </Filter>
    <Filter Include="extLibs\freetype\src\bdf">
      <UniqueIdentifier>{451B3A70-3140-89F0-5A8B-6E80460F880E}</UniqueIdentifier>
    </Filter>
    <Filter Include="extLibs\freetype\src\cache">
      <UniqueIdentifier>{ED743E67-D984-EA37-423E-4F562E6DD9D0}</UniqueIdentifier>
    </Filter>
    <Filter Include="extLibs\freetype\src\cff">
      <UniqueIdentifier>{C81F3A70-B444-89F0-DD8F-6E80C913880E}</UniqueIdentifier>
    </Filter>
    <Filter Include="extLibs\freetype\src\cid">
      <UniqueIdentifier>{29203A70-1545-89F0-3E90-6E802A14880E}</UniqueIdentifier>
    </Filter>
    <Filter Include="extLibs\freetype\src\gzip">
      <UniqueIdentifier>{33A08077-9F62-B401-E812-438E54148DDF}</UniqueIdentifier>
    </Filter>
    <Filter Include="extLibs\freetype\src\lzw">
      <UniqueIdentifier>{B6483A70-A26D-89F0-CBB8-6E80B73C880E}</UniqueIdentifier>
    </Filter>
    <Filter Include="extLibs\freetype\src\pcf">
      <UniqueIdentifier>{B2563A70-9E7B-89F0-C7C6-6E80B34A880E}</UniqueIdentifier>
    </Filter>
    <Filter Include="extLibs\freetype\src\pfr">
      <UniqueIdentifier>{21573A70-0D7C-89F0-36C7-6E80224B880E}</UniqueIdentifier>
    </Filter>
    <Filter Include="extLibs\freetype\src\psaux">
      <UniqueIdentifier>{8A8B3368-769B-DF38-DF54-4457CB83CED1}</UniqueIdentifier>
    </Filter>
    <Filter Include="extLibs\freetype\src\pshinter">
      <UniqueIdentifier>{C6CC4EBB-32E5-35E5-FB91-C57E6769CA7E}</UniqueIdentifier>
    </Filter>
    <Filter Include="extLibs\freetype\src\psnames">
      <UniqueIdentifier>{B0BB2444-9C76-14F0-452E-8D3A31C85E80}</UniqueIdentifier>
    </Filter>
    <Filter Include="extLibs\freetype\src\raster">
      <UniqueIdentifier>{8A6D1372-F67A-4158-7F61-3D43EB6D0D0F}</UniqueIdentifier>
    </Filter>
    <Filter Include="extLibs\freetype\src\sfnt">
      <UniqueIdentifier>{54E08677-C0A2-BA01-0953-498E755493DF}</UniqueIdentifier>
    </Filter>
    <Filter Include="extLibs\freetype\src\smooth">
      <UniqueIdentifier>{53773F75-BF84-6D5B-486B-6946B4773912}</UniqueIdentifier>
    </Filter>
    <Filter Include="extLibs\freetype\src\truetype">
      <UniqueIdentifier>{9BF2693D-070B-5167-D0B7-E0003C8FE500}</UniqueIdentifier>
    </Filter>
    <Filter Include="extLibs\freetype\src\type1">
      <UniqueIdentifier>{4C757F68-3885-2B39-A13E-90578D6D1AD2}</UniqueIdentifier>
    </Filter>
    <Filter Include="extLibs\freetype\src\type42">
      <UniqueIdentifier>{611F6E78-CD2C-9C5E-5613-9849C21F6815}</UniqueIdentifier>
    </Filter>
    <Filter Include="extLibs\freetype\src\winfonts">
      <UniqueIdentifier>{715E1E3D-DD76-0567-A623-950012FB9900}</UniqueIdentifier>
    </Filter>
    <Filter Include="extLibs\freetype-gl">
      <UniqueIdentifier>{F3665C28-5FC8-3936-E835-80E8549670F5}</UniqueIdentifier>
    </Filter>
    <Filter Include="extLibs\imgui">
      <UniqueIdentifier>{6A41A692-D601-22C9-9F3C-6B460BBC66A5}</UniqueIdentifier>
    </Filter>
    <Filter Include="extLibs\imgui\impl">
      <UniqueIdentifier>{ABA587C4-9789-481A-00EA-426DECEC329C}</UniqueIdentifier>
    </Filter>
    <Filter Include="extLibs\stb-image">
      <UniqueIdentifier>{28F56CEF-940B-6B85-DD82-F6A649D83B0D}</UniqueIdentifier>
    </Filter>
    <Filter Include="src">
      <UniqueIdentifier>{2DAB880B-99B4-887C-2230-9F7C8E38947C}</UniqueIdentifier>
    </Filter>
    <Filter Include="src\components">
      <UniqueIdentifier>{423E2ECF-2E0C-22D5-17A0-92FB030DFE39}</UniqueIdentifier>
    </Filter>
    <Filter Include="src\graphics">
      <UniqueIdentifier>{2DF282EC-1955-1291-C2DA-4A47AE1CDE13}</UniqueIdentifier>
    </Filter>
    <Filter Include="src\graphics\buffers">
      <UniqueIdentifier>{C926715B-B5B5-FA24-5ED4-0E204A420BCB}</UniqueIdentifier>
    </Filter>
    <Filter Include="src\graphics\layers">
      <UniqueIdentifier>{6CC80E6E-D829-EC7B-6197-322ECDF7223B}</UniqueIdentifier>
    </Filter>
    <Filter Include="src\maths">
      <UniqueIdentifier>{79A9A7B5-E513-5C2C-2E52-0DD29AFB3981}</UniqueIdentifier>
    </Filter>
    <Filter Include="src\sound">
      <UniqueIdentifier>{C5EE1BB6-3159-D02C-7A97-81D2E640AE81}</UniqueIdentifier>
    </Filter>
    <Filter Include="src\usage">
      <UniqueIdentifier>{51FB41B6-BD65-F62C-06A4-A7D2724DD481}</UniqueIdentifier>
    </Filter>
    <Filter Include="src\utils">
      <UniqueIdentifier>{6DAA42B6-D914-F72C-2253-A8D28EFCD481}</UniqueIdentifier>
    </Filter>
  </ItemGroup>
  <ItemGroup>
    <ClInclude Include="core.h" />
    <ClInclude Include="extLibs\freetype-gl\common.h">
      <Filter>extLibs\freetype-gl</Filter>
    </ClInclude>
    <ClInclude Include="extLibs\freetype-gl\freetype-gl.h">
      <Filter>extLibs\freetype-gl</Filter>
    </ClInclude>
    <ClInclude Include="extLibs\freetype-gl\ftgl-utils.h">
      <Filter>extLibs\freetype-gl</Filter>
    </ClInclude>
    <ClInclude Include="extLibs\freetype-gl\opengl.h">
      <Filter>extLibs\freetype-gl</Filter>
    </ClInclude>
    <ClInclude Include="extLibs\freetype-gl\platform.h">
      <Filter>extLibs\freetype-gl</Filter>
    </ClInclude>
    <ClInclude Include="extLibs\freetype-gl\texture-atlas.h">
      <Filter>extLibs\freetype-gl</Filter>
    </ClInclude>
    <ClInclude Include="extLibs\freetype-gl\texture-font.h">
      <Filter>extLibs\freetype-gl</Filter>
    </ClInclude>
    <ClInclude Include="extLibs\freetype-gl\vec234.h">
      <Filter>extLibs\freetype-gl</Filter>
    </ClInclude>
    <ClInclude Include="extLibs\freetype-gl\vector.h">
      <Filter>extLibs\freetype-gl</Filter>
    </ClInclude>
    <ClInclude Include="extLibs\freetype\include\freetype\config\ftconfig.h">
      <Filter>extLibs\freetype\include\freetype\config</Filter>
    </ClInclude>
    <ClInclude Include="extLibs\freetype\include\freetype\config\ftheader.h">
      <Filter>extLibs\freetype\include\freetype\config</Filter>
    </ClInclude>
    <ClInclude Include="extLibs\freetype\include\freetype\config\ftmodule.h">
      <Filter>extLibs\freetype\include\freetype\config</Filter>
    </ClInclude>
    <ClInclude Include="extLibs\freetype\include\freetype\config\ftoption.h">
      <Filter>extLibs\freetype\include\freetype\config</Filter>
    </ClInclude>
    <ClInclude Include="extLibs\freetype\include\freetype\config\ftstdlib.h">
      <Filter>extLibs\freetype\include\freetype\config</Filter>
    </ClInclude>
    <ClInclude Include="extLibs\freetype\include\ft2build.h">
      <Filter>extLibs\freetype\include</Filter>
    </ClInclude>
    <ClInclude Include="extLibs\imgui\imconfig.h">
      <Filter>extLibs\imgui</Filter>
    </ClInclude>
    <ClInclude Include="extLibs\imgui\imgui.h">
      <Filter>extLibs\imgui</Filter>
    </ClInclude>
    <ClInclude Include="extLibs\imgui\imgui_internal.h">
      <Filter>extLibs\imgui</Filter>
    </ClInclude>
    <ClInclude Include="extLibs\imgui\impl\imgui_impl_glfw.h">
      <Filter>extLibs\imgui\impl</Filter>
    </ClInclude>
    <ClInclude Include="extLibs\imgui\impl\imgui_impl_opengl3.h">
      <Filter>extLibs\imgui\impl</Filter>
    </ClInclude>
    <ClInclude Include="extLibs\imgui\imstb_rectpack.h">
      <Filter>extLibs\imgui</Filter>
    </ClInclude>
    <ClInclude Include="extLibs\imgui\imstb_textedit.h">
      <Filter>extLibs\imgui</Filter>
    </ClInclude>
    <ClInclude Include="extLibs\imgui\imstb_truetype.h">
      <Filter>extLibs\imgui</Filter>
    </ClInclude>
    <ClInclude Include="extLibs\stb-image\stb_image.h">
      <Filter>extLibs\stb-image</Filter>
    </ClInclude>
    <ClInclude Include="src\base.h">
      <Filter>src</Filter>
    </ClInclude>
    <ClInclude Include="src\components\behaviourcomponent.h">
      <Filter>src\components</Filter>
    </ClInclude>
    <ClInclude Include="src\components\component.h">
      <Filter>src\components</Filter>
    </ClInclude>
    <ClInclude Include="src\components\components_pack.h">
      <Filter>src\components</Filter>
    </ClInclude>
    <ClInclude Include="src\core.h">
      <Filter>src</Filter>
    </ClInclude>
    <ClInclude Include="src\gebase.h">
      <Filter>src</Filter>
    </ClInclude>
    <ClInclude Include="src\graphics\batchrenderer2D.h">
      <Filter>src\graphics</Filter>
    </ClInclude>
    <ClInclude Include="src\graphics\buffers\buffer.h">
      <Filter>src\graphics\buffers</Filter>
    </ClInclude>
    <ClInclude Include="src\graphics\buffers\bufferpack.h">
      <Filter>src\graphics\buffers</Filter>
    </ClInclude>
    <ClInclude Include="src\graphics\buffers\framebuffer.h">
      <Filter>src\graphics\buffers</Filter>
    </ClInclude>
    <ClInclude Include="src\graphics\buffers\indexbuffer.h">
      <Filter>src\graphics\buffers</Filter>
    </ClInclude>
    <ClInclude Include="src\graphics\buffers\vertexarray.h">
      <Filter>src\graphics\buffers</Filter>
    </ClInclude>
    <ClInclude Include="src\graphics\font.h">
      <Filter>src\graphics</Filter>
    </ClInclude>
    <ClInclude Include="src\graphics\fontmanager.h">
      <Filter>src\graphics</Filter>
    </ClInclude>
    <ClInclude Include="src\graphics\label.h">
      <Filter>src\graphics</Filter>
    </ClInclude>
    <ClInclude Include="src\graphics\layers\group.h">
      <Filter>src\graphics\layers</Filter>
    </ClInclude>
    <ClInclude Include="src\graphics\layers\layer.h">
      <Filter>src\graphics\layers</Filter>
    </ClInclude>
    <ClInclude Include="src\graphics\layers\tilelayer.h">
      <Filter>src\graphics\layers</Filter>
    </ClInclude>
    <ClInclude Include="src\graphics\renderable2D.h">
      <Filter>src\graphics</Filter>
    </ClInclude>
    <ClInclude Include="src\graphics\renderer2D.h">
      <Filter>src\graphics</Filter>
    </ClInclude>
    <ClInclude Include="src\graphics\shader.h">
      <Filter>src\graphics</Filter>
    </ClInclude>
    <ClInclude Include="src\graphics\simple2Drenderer.h">
      <Filter>src\graphics</Filter>
    </ClInclude>
    <ClInclude Include="src\graphics\sprite.h">
      <Filter>src\graphics</Filter>
    </ClInclude>
    <ClInclude Include="src\graphics\staticsprite.h">
      <Filter>src\graphics</Filter>
    </ClInclude>
    <ClInclude Include="src\graphics\texture.h">
      <Filter>src\graphics</Filter>
    </ClInclude>
    <ClInclude Include="src\graphics\window.h">
      <Filter>src\graphics</Filter>
    </ClInclude>
    <ClInclude Include="src\maths\mat4.h">
      <Filter>src\maths</Filter>
    </ClInclude>
    <ClInclude Include="src\maths\maths.h">
      <Filter>src\maths</Filter>
    </ClInclude>
    <ClInclude Include="src\maths\maths_func.h">
      <Filter>src\maths</Filter>
    </ClInclude>
    <ClInclude Include="src\maths\vec2.h">
      <Filter>src\maths</Filter>
    </ClInclude>
    <ClInclude Include="src\maths\vec3.h">
      <Filter>src\maths</Filter>
    </ClInclude>
    <ClInclude Include="src\maths\vec4.h">
      <Filter>src\maths</Filter>
    </ClInclude>
    <ClInclude Include="src\sound\sound.h">
      <Filter>src\sound</Filter>
    </ClInclude>
    <ClInclude Include="src\sound\soundmanager.h">
      <Filter>src\sound</Filter>
    </ClInclude>
    <ClInclude Include="src\usage\chief.h">
      <Filter>src\usage</Filter>
    </ClInclude>
    <ClInclude Include="src\usage\input.h">
      <Filter>src\usage</Filter>
    </ClInclude>
    <ClInclude Include="src\utils\assert.h">
      <Filter>src\utils</Filter>
    </ClInclude>
    <ClInclude Include="src\utils\fileutils.h">
      <Filter>src\utils</Filter>
    </ClInclude>
    <ClInclude Include="src\utils\imageloader.h">
      <Filter>src\utils</Filter>
    </ClInclude>
    <ClInclude Include="src\utils\logger.h">
      <Filter>src\utils</Filter>
    </ClInclude>
    <ClInclude Include="src\utils\resourceloader.h">
      <Filter>src\utils</Filter>
    </ClInclude>
    <ClInclude Include="src\utils\timer.h">
      <Filter>src\utils</Filter>
    </ClInclude>
    <ClInclude Include="src\utils\timestep.h">
      <Filter>src\utils</Filter>
    </ClInclude>
    <ClInclude Include="src\usage\project.h" />
    <ClInclude Include="src\graphics\scene.h" />
    <ClInclude Include="src\graphics\layers\layers_pack.h" />
    <ClInclude Include="extLibs\json_struct\json_struct.h" />
    <ClInclude Include="extLibs\json_struct\json_struct_diff.h" />
    <ClInclude Include="src\utils\serializationservice.h" />
  </ItemGroup>
  <ItemGroup>
    <ClCompile Include="app.cpp" />
    <ClCompile Include="extLibs\freetype-gl\platform.c">
      <Filter>extLibs\freetype-gl</Filter>
    </ClCompile>
    <ClCompile Include="extLibs\freetype-gl\texture-atlas.c">
      <Filter>extLibs\freetype-gl</Filter>
    </ClCompile>
    <ClCompile Include="extLibs\freetype-gl\texture-font.c">
      <Filter>extLibs\freetype-gl</Filter>
    </ClCompile>
    <ClCompile Include="extLibs\freetype-gl\vector.c">
      <Filter>extLibs\freetype-gl</Filter>
    </ClCompile>
    <ClCompile Include="extLibs\freetype\src\autofit\autofit.c">
      <Filter>extLibs\freetype\src\autofit</Filter>
    </ClCompile>
    <ClCompile Include="extLibs\freetype\src\base\ftbase.c">
      <Filter>extLibs\freetype\src\base</Filter>
    </ClCompile>
    <ClCompile Include="extLibs\freetype\src\base\ftbbox.c">
      <Filter>extLibs\freetype\src\base</Filter>
    </ClCompile>
    <ClCompile Include="extLibs\freetype\src\base\ftbdf.c">
      <Filter>extLibs\freetype\src\base</Filter>
    </ClCompile>
    <ClCompile Include="extLibs\freetype\src\base\ftbitmap.c">
      <Filter>extLibs\freetype\src\base</Filter>
    </ClCompile>
    <ClCompile Include="extLibs\freetype\src\base\ftcid.c">
      <Filter>extLibs\freetype\src\base</Filter>
    </ClCompile>
    <ClCompile Include="extLibs\freetype\src\base\ftdebug.c">
      <Filter>extLibs\freetype\src\base</Filter>
    </ClCompile>
    <ClCompile Include="extLibs\freetype\src\base\ftfstype.c">
      <Filter>extLibs\freetype\src\base</Filter>
    </ClCompile>
    <ClCompile Include="extLibs\freetype\src\base\ftgasp.c">
      <Filter>extLibs\freetype\src\base</Filter>
    </ClCompile>
    <ClCompile Include="extLibs\freetype\src\base\ftglyph.c">
      <Filter>extLibs\freetype\src\base</Filter>
    </ClCompile>
    <ClCompile Include="extLibs\freetype\src\base\ftgxval.c">
      <Filter>extLibs\freetype\src\base</Filter>
    </ClCompile>
    <ClCompile Include="extLibs\freetype\src\base\ftinit.c">
      <Filter>extLibs\freetype\src\base</Filter>
    </ClCompile>
    <ClCompile Include="extLibs\freetype\src\base\ftmm.c">
      <Filter>extLibs\freetype\src\base</Filter>
    </ClCompile>
    <ClCompile Include="extLibs\freetype\src\base\ftotval.c">
      <Filter>extLibs\freetype\src\base</Filter>
    </ClCompile>
    <ClCompile Include="extLibs\freetype\src\base\ftpatent.c">
      <Filter>extLibs\freetype\src\base</Filter>
    </ClCompile>
    <ClCompile Include="extLibs\freetype\src\base\ftpfr.c">
      <Filter>extLibs\freetype\src\base</Filter>
    </ClCompile>
    <ClCompile Include="extLibs\freetype\src\base\ftstroke.c">
      <Filter>extLibs\freetype\src\base</Filter>
    </ClCompile>
    <ClCompile Include="extLibs\freetype\src\base\ftsynth.c">
      <Filter>extLibs\freetype\src\base</Filter>
    </ClCompile>
    <ClCompile Include="extLibs\freetype\src\base\ftsystem.c">
      <Filter>extLibs\freetype\src\base</Filter>
    </ClCompile>
    <ClCompile Include="extLibs\freetype\src\base\fttype1.c">
      <Filter>extLibs\freetype\src\base</Filter>
    </ClCompile>
    <ClCompile Include="extLibs\freetype\src\base\ftwinfnt.c">
      <Filter>extLibs\freetype\src\base</Filter>
    </ClCompile>
    <ClCompile Include="extLibs\freetype\src\bdf\bdf.c">
      <Filter>extLibs\freetype\src\bdf</Filter>
    </ClCompile>
    <ClCompile Include="extLibs\freetype\src\cache\ftcache.c">
      <Filter>extLibs\freetype\src\cache</Filter>
    </ClCompile>
    <ClCompile Include="extLibs\freetype\src\cff\cff.c">
      <Filter>extLibs\freetype\src\cff</Filter>
    </ClCompile>
    <ClCompile Include="extLibs\freetype\src\cid\type1cid.c">
      <Filter>extLibs\freetype\src\cid</Filter>
    </ClCompile>
    <ClCompile Include="extLibs\freetype\src\gzip\ftgzip.c">
      <Filter>extLibs\freetype\src\gzip</Filter>
    </ClCompile>
    <ClCompile Include="extLibs\freetype\src\lzw\ftlzw.c">
      <Filter>extLibs\freetype\src\lzw</Filter>
    </ClCompile>
    <ClCompile Include="extLibs\freetype\src\pcf\pcf.c">
      <Filter>extLibs\freetype\src\pcf</Filter>
    </ClCompile>
    <ClCompile Include="extLibs\freetype\src\pfr\pfr.c">
      <Filter>extLibs\freetype\src\pfr</Filter>
    </ClCompile>
    <ClCompile Include="extLibs\freetype\src\psaux\psaux.c">
      <Filter>extLibs\freetype\src\psaux</Filter>
    </ClCompile>
    <ClCompile Include="extLibs\freetype\src\pshinter\pshinter.c">
      <Filter>extLibs\freetype\src\pshinter</Filter>
    </ClCompile>
    <ClCompile Include="extLibs\freetype\src\psnames\psmodule.c">
      <Filter>extLibs\freetype\src\psnames</Filter>
    </ClCompile>
    <ClCompile Include="extLibs\freetype\src\raster\raster.c">
      <Filter>extLibs\freetype\src\raster</Filter>
    </ClCompile>
    <ClCompile Include="extLibs\freetype\src\sfnt\sfnt.c">
      <Filter>extLibs\freetype\src\sfnt</Filter>
    </ClCompile>
    <ClCompile Include="extLibs\freetype\src\smooth\smooth.c">
      <Filter>extLibs\freetype\src\smooth</Filter>
    </ClCompile>
    <ClCompile Include="extLibs\freetype\src\truetype\truetype.c">
      <Filter>extLibs\freetype\src\truetype</Filter>
    </ClCompile>
    <ClCompile Include="extLibs\freetype\src\type1\type1.c">
      <Filter>extLibs\freetype\src\type1</Filter>
    </ClCompile>
    <ClCompile Include="extLibs\freetype\src\type42\type42.c">
      <Filter>extLibs\freetype\src\type42</Filter>
    </ClCompile>
    <ClCompile Include="extLibs\freetype\src\winfonts\winfnt.c">
      <Filter>extLibs\freetype\src\winfonts</Filter>
    </ClCompile>
    <ClCompile Include="extLibs\imgui\imgui.cpp">
      <Filter>extLibs\imgui</Filter>
    </ClCompile>
    <ClCompile Include="extLibs\imgui\imgui_demo.cpp">
      <Filter>extLibs\imgui</Filter>
    </ClCompile>
    <ClCompile Include="extLibs\imgui\imgui_draw.cpp">
      <Filter>extLibs\imgui</Filter>
    </ClCompile>
    <ClCompile Include="extLibs\imgui\imgui_tables.cpp">
      <Filter>extLibs\imgui</Filter>
    </ClCompile>
    <ClCompile Include="extLibs\imgui\imgui_widgets.cpp">
      <Filter>extLibs\imgui</Filter>
    </ClCompile>
    <ClCompile Include="extLibs\imgui\impl\imgui_impl_glfw.cpp">
      <Filter>extLibs\imgui\impl</Filter>
    </ClCompile>
    <ClCompile Include="extLibs\imgui\impl\imgui_impl_opengl3.cpp">
      <Filter>extLibs\imgui\impl</Filter>
    </ClCompile>
    <ClCompile Include="extLibs\stb-image\stb_image.cpp">
      <Filter>extLibs\stb-image</Filter>
    </ClCompile>
    <ClCompile Include="src\components\behaviourcomponent.cpp">
      <Filter>src\components</Filter>
    </ClCompile>
    <ClCompile Include="src\graphics\batchrenderer2D.cpp">
      <Filter>src\graphics</Filter>
    </ClCompile>
    <ClCompile Include="src\graphics\buffers\buffer.cpp">
      <Filter>src\graphics\buffers</Filter>
    </ClCompile>
    <ClCompile Include="src\graphics\buffers\framebuffer.cpp">
      <Filter>src\graphics\buffers</Filter>
    </ClCompile>
    <ClCompile Include="src\graphics\buffers\indexbuffer.cpp">
      <Filter>src\graphics\buffers</Filter>
    </ClCompile>
    <ClCompile Include="src\graphics\buffers\vertexarray.cpp">
      <Filter>src\graphics\buffers</Filter>
    </ClCompile>
    <ClCompile Include="src\graphics\font.cpp">
      <Filter>src\graphics</Filter>
    </ClCompile>
    <ClCompile Include="src\graphics\fontmanager.cpp">
      <Filter>src\graphics</Filter>
    </ClCompile>
    <ClCompile Include="src\graphics\label.cpp">
      <Filter>src\graphics</Filter>
    </ClCompile>
    <ClCompile Include="src\graphics\layers\group.cpp">
      <Filter>src\graphics\layers</Filter>
    </ClCompile>
    <ClCompile Include="src\graphics\layers\layer.cpp">
      <Filter>src\graphics\layers</Filter>
    </ClCompile>
    <ClCompile Include="src\graphics\layers\tilelayer.cpp">
      <Filter>src\graphics\layers</Filter>
    </ClCompile>
    <ClCompile Include="src\graphics\renderable2D.cpp">
      <Filter>src\graphics</Filter>
    </ClCompile>
    <ClCompile Include="src\graphics\shader.cpp">
      <Filter>src\graphics</Filter>
    </ClCompile>
    <ClCompile Include="src\graphics\simple2Drenderer.cpp">
      <Filter>src\graphics</Filter>
    </ClCompile>
    <ClCompile Include="src\graphics\sprite.cpp">
      <Filter>src\graphics</Filter>
    </ClCompile>
    <ClCompile Include="src\graphics\staticsprite.cpp">
      <Filter>src\graphics</Filter>
    </ClCompile>
    <ClCompile Include="src\graphics\texture.cpp">
      <Filter>src\graphics</Filter>
    </ClCompile>
    <ClCompile Include="src\graphics\window.cpp">
      <Filter>src\graphics</Filter>
    </ClCompile>
    <ClCompile Include="src\maths\mat4.cpp">
      <Filter>src\maths</Filter>
    </ClCompile>
    <ClCompile Include="src\maths\vec2.cpp">
      <Filter>src\maths</Filter>
    </ClCompile>
    <ClCompile Include="src\maths\vec3.cpp">
      <Filter>src\maths</Filter>
    </ClCompile>
    <ClCompile Include="src\maths\vec4.cpp">
      <Filter>src\maths</Filter>
    </ClCompile>
    <ClCompile Include="src\sound\sound.cpp">
      <Filter>src\sound</Filter>
    </ClCompile>
    <ClCompile Include="src\sound\soundmanager.cpp">
      <Filter>src\sound</Filter>
    </ClCompile>
    <ClCompile Include="src\usage\chief.cpp">
      <Filter>src\usage</Filter>
    </ClCompile>
    <ClCompile Include="src\usage\input.cpp">
      <Filter>src\usage</Filter>
    </ClCompile>
    <ClCompile Include="src\utils\logger.cpp">
      <Filter>src\utils</Filter>
    </ClCompile>
    <ClCompile Include="src\utils\resourceloader.cpp">
      <Filter>src\utils</Filter>
    </ClCompile>
    <ClCompile Include="src\graphics\scene.cpp" />
    <ClCompile Include="src\usage\project.cpp" />
  </ItemGroup>
</Project>