<?xml version="1.0" encoding="utf-8"?>
<Project ToolsVersion="4.0" xmlns="http://schemas.microsoft.com/developer/msbuild/2003">
  <ItemGroup>
    <Filter Include="Source Files">
      <UniqueIdentifier>{4FC737F1-C7A5-4376-A066-2A32D752A2FF}</UniqueIdentifier>
      <Extensions>cpp;c;cc;cxx;c++;def;odl;idl;hpj;bat;asm;asmx</Extensions>
    </Filter>
    <Filter Include="Header Files">
      <UniqueIdentifier>{93995380-89BD-4b04-88EB-625FBE52EBFB}</UniqueIdentifier>
      <Extensions>h;hh;hpp;hxx;h++;hm;inl;inc;ipp;xsd</Extensions>
    </Filter>
    <Filter Include="Resource Files">
      <UniqueIdentifier>{67DA6AB6-F800-4c08-8B7A-83BB121AAD01}</UniqueIdentifier>
      <Extensions>rc;ico;cur;bmp;dlg;rc2;rct;bin;rgs;gif;jpg;jpeg;jpe;resx;tiff;tif;png;wav;mfcribbon-ms</Extensions>
    </Filter>
    <Filter Include="Source Files\extLibs">
      <UniqueIdentifier>{9740b7c8-822a-45b6-89a1-dd29ba5ac62c}</UniqueIdentifier>
    </Filter>
    <Filter Include="Source Files\extLibs\freetype">
      <UniqueIdentifier>{07926679-d198-49f1-b51f-c382c33c6fc8}</UniqueIdentifier>
    </Filter>
    <Filter Include="Source Files\extLibs\freetype\FT_MODULES">
      <UniqueIdentifier>{96f59286-1932-430b-a287-dcc1602fd6fd}</UniqueIdentifier>
    </Filter>
    <Filter Include="Header Files\extLibs">
      <UniqueIdentifier>{b28f8c38-5625-4931-aeb7-00ab66d7beb8}</UniqueIdentifier>
    </Filter>
    <Filter Include="Header Files\extLibs\freetype">
      <UniqueIdentifier>{68e35979-2ef7-4a2e-823e-45082c02cad8}</UniqueIdentifier>
    </Filter>
    <Filter Include="Header Files\extLibs\freetype-gl">
      <UniqueIdentifier>{22b00266-111d-4500-9601-3a6373cace0f}</UniqueIdentifier>
    </Filter>
    <Filter Include="Source Files\extLibs\freetype-gl">
      <UniqueIdentifier>{99e9606f-1cc8-4b9c-aade-0461b8bc7599}</UniqueIdentifier>
    </Filter>
    <Filter Include="Header Files\graphics">
      <UniqueIdentifier>{aa182013-4d59-4b2a-a493-79586de2483c}</UniqueIdentifier>
    </Filter>
    <Filter Include="Header Files\maths">
      <UniqueIdentifier>{1fd492c1-83b9-4c6b-b12b-17117c6bd696}</UniqueIdentifier>
    </Filter>
    <Filter Include="Header Files\utils">
      <UniqueIdentifier>{9e656845-9174-4353-84d8-f0b390f300aa}</UniqueIdentifier>
    </Filter>
    <Filter Include="Source Files\graphics">
      <UniqueIdentifier>{3b54689f-6179-4b5f-9418-cfc692264524}</UniqueIdentifier>
    </Filter>
    <Filter Include="Source Files\maths">
      <UniqueIdentifier>{438b3664-d689-442b-8ff0-3de3940f1684}</UniqueIdentifier>
    </Filter>
    <Filter Include="Header Files\graphics\buffers">
      <UniqueIdentifier>{b9f3db70-74d9-42d6-814f-d829e44f0a4a}</UniqueIdentifier>
    </Filter>
    <Filter Include="Source Files\graphics\buffers">
      <UniqueIdentifier>{869fc60c-dc35-443c-aff6-6dc937dc2ff4}</UniqueIdentifier>
    </Filter>
    <Filter Include="Header Files\graphics\rendereres">
      <UniqueIdentifier>{73e0c026-c5b8-4683-a710-7a5c652341fc}</UniqueIdentifier>
    </Filter>
    <Filter Include="Source Files\graphics\rendereres">
      <UniqueIdentifier>{ea61ddba-65dc-4e88-a0e8-c651dabbc161}</UniqueIdentifier>
    </Filter>
    <Filter Include="Header Files\graphics\layers">
      <UniqueIdentifier>{76890885-97c7-48eb-a265-0f7a4ce1e135}</UniqueIdentifier>
    </Filter>
    <Filter Include="Source Files\graphics\layers">
      <UniqueIdentifier>{ac6193f2-fa10-4c29-bf46-df47c3644d58}</UniqueIdentifier>
    </Filter>
    <Filter Include="Header Files\graphics\renderables">
      <UniqueIdentifier>{1d009964-433b-4b15-84d7-5d704a329241}</UniqueIdentifier>
    </Filter>
    <Filter Include="Source Files\graphics\renderables">
      <UniqueIdentifier>{387135ba-7304-442f-bc72-d1ed4ad4b6e0}</UniqueIdentifier>
    </Filter>
    <Filter Include="Shaders">
      <UniqueIdentifier>{30622703-415a-4cba-bcd6-f6d9fdab8da8}</UniqueIdentifier>
    </Filter>
    <Filter Include="Header Files\extLibs\gorilla-audio">
      <UniqueIdentifier>{510ceb63-1164-4eb3-b290-9b017dc01885}</UniqueIdentifier>
    </Filter>
    <Filter Include="Source Files\extLibs\gorilla-audio">
      <UniqueIdentifier>{ebcf291f-69ce-4106-9eba-c83bc17b520b}</UniqueIdentifier>
    </Filter>
  </ItemGroup>
  <ItemGroup>
    <ClCompile Include="app.cpp">
      <Filter>Source Files</Filter>
    </ClCompile>
    <ClCompile Include="extLibs\freetype\src\autofit\autofit.c">
      <Filter>Source Files\extLibs\freetype</Filter>
    </ClCompile>
    <ClCompile Include="extLibs\freetype\src\bdf\bdf.c">
      <Filter>Source Files\extLibs\freetype</Filter>
    </ClCompile>
    <ClCompile Include="extLibs\freetype\src\cff\cff.c">
      <Filter>Source Files\extLibs\freetype</Filter>
    </ClCompile>
    <ClCompile Include="extLibs\freetype\src\base\ftbase.c">
      <Filter>Source Files\extLibs\freetype</Filter>
    </ClCompile>
    <ClCompile Include="extLibs\freetype\src\base\ftbitmap.c">
      <Filter>Source Files\extLibs\freetype</Filter>
    </ClCompile>
    <ClCompile Include="extLibs\freetype\src\cache\ftcache.c">
      <Filter>Source Files\extLibs\freetype</Filter>
    </ClCompile>
    <ClCompile Include="extLibs\freetype\src\base\ftdebug.c">
      <Filter>Source Files\extLibs\freetype</Filter>
    </ClCompile>
    <ClCompile Include="extLibs\freetype\src\base\ftfstype.c">
      <Filter>Source Files\extLibs\freetype</Filter>
    </ClCompile>
    <ClCompile Include="extLibs\freetype\src\base\ftgasp.c">
      <Filter>Source Files\extLibs\freetype</Filter>
    </ClCompile>
    <ClCompile Include="extLibs\freetype\src\base\ftglyph.c">
      <Filter>Source Files\extLibs\freetype</Filter>
    </ClCompile>
    <ClCompile Include="extLibs\freetype\src\gzip\ftgzip.c">
      <Filter>Source Files\extLibs\freetype</Filter>
    </ClCompile>
    <ClCompile Include="extLibs\freetype\src\base\ftinit.c">
      <Filter>Source Files\extLibs\freetype</Filter>
    </ClCompile>
    <ClCompile Include="extLibs\freetype\src\lzw\ftlzw.c">
      <Filter>Source Files\extLibs\freetype</Filter>
    </ClCompile>
    <ClCompile Include="extLibs\freetype\src\base\ftstroke.c">
      <Filter>Source Files\extLibs\freetype</Filter>
    </ClCompile>
    <ClCompile Include="extLibs\freetype\src\base\ftsystem.c">
      <Filter>Source Files\extLibs\freetype</Filter>
    </ClCompile>
    <ClCompile Include="extLibs\freetype\src\smooth\smooth.c">
      <Filter>Source Files\extLibs\freetype</Filter>
    </ClCompile>
    <ClCompile Include="extLibs\freetype\src\base\ftbbox.c">
      <Filter>Source Files\extLibs\freetype\FT_MODULES</Filter>
    </ClCompile>
    <ClCompile Include="extLibs\freetype\src\base\ftbdf.c">
      <Filter>Source Files\extLibs\freetype\FT_MODULES</Filter>
    </ClCompile>
    <ClCompile Include="extLibs\freetype\src\base\ftcid.c">
      <Filter>Source Files\extLibs\freetype\FT_MODULES</Filter>
    </ClCompile>
    <ClCompile Include="extLibs\freetype\src\base\ftgxval.c">
      <Filter>Source Files\extLibs\freetype\FT_MODULES</Filter>
    </ClCompile>
    <ClCompile Include="extLibs\freetype\src\base\ftmm.c">
      <Filter>Source Files\extLibs\freetype\FT_MODULES</Filter>
    </ClCompile>
    <ClCompile Include="extLibs\freetype\src\base\ftotval.c">
      <Filter>Source Files\extLibs\freetype\FT_MODULES</Filter>
    </ClCompile>
    <ClCompile Include="extLibs\freetype\src\base\ftpatent.c">
      <Filter>Source Files\extLibs\freetype\FT_MODULES</Filter>
    </ClCompile>
    <ClCompile Include="extLibs\freetype\src\base\ftpfr.c">
      <Filter>Source Files\extLibs\freetype\FT_MODULES</Filter>
    </ClCompile>
    <ClCompile Include="extLibs\freetype\src\base\ftsynth.c">
      <Filter>Source Files\extLibs\freetype\FT_MODULES</Filter>
    </ClCompile>
    <ClCompile Include="extLibs\freetype\src\base\fttype1.c">
      <Filter>Source Files\extLibs\freetype\FT_MODULES</Filter>
    </ClCompile>
    <ClCompile Include="extLibs\freetype\src\base\ftwinfnt.c">
      <Filter>Source Files\extLibs\freetype\FT_MODULES</Filter>
    </ClCompile>
    <ClCompile Include="extLibs\freetype\src\pcf\pcf.c">
      <Filter>Source Files\extLibs\freetype\FT_MODULES</Filter>
    </ClCompile>
    <ClCompile Include="extLibs\freetype\src\pfr\pfr.c">
      <Filter>Source Files\extLibs\freetype\FT_MODULES</Filter>
    </ClCompile>
    <ClCompile Include="extLibs\freetype\src\psaux\psaux.c">
      <Filter>Source Files\extLibs\freetype\FT_MODULES</Filter>
    </ClCompile>
    <ClCompile Include="extLibs\freetype\src\pshinter\pshinter.c">
      <Filter>Source Files\extLibs\freetype\FT_MODULES</Filter>
    </ClCompile>
    <ClCompile Include="extLibs\freetype\src\psnames\psmodule.c">
      <Filter>Source Files\extLibs\freetype\FT_MODULES</Filter>
    </ClCompile>
    <ClCompile Include="extLibs\freetype\src\raster\raster.c">
      <Filter>Source Files\extLibs\freetype\FT_MODULES</Filter>
    </ClCompile>
    <ClCompile Include="extLibs\freetype\src\sfnt\sfnt.c">
      <Filter>Source Files\extLibs\freetype\FT_MODULES</Filter>
    </ClCompile>
    <ClCompile Include="extLibs\freetype\src\truetype\truetype.c">
      <Filter>Source Files\extLibs\freetype\FT_MODULES</Filter>
    </ClCompile>
    <ClCompile Include="extLibs\freetype\src\type1\type1.c">
      <Filter>Source Files\extLibs\freetype\FT_MODULES</Filter>
    </ClCompile>
    <ClCompile Include="extLibs\freetype\src\cid\type1cid.c">
      <Filter>Source Files\extLibs\freetype\FT_MODULES</Filter>
    </ClCompile>
    <ClCompile Include="extLibs\freetype\src\type42\type42.c">
      <Filter>Source Files\extLibs\freetype\FT_MODULES</Filter>
    </ClCompile>
    <ClCompile Include="extLibs\freetype\src\winfonts\winfnt.c">
      <Filter>Source Files\extLibs\freetype\FT_MODULES</Filter>
    </ClCompile>
    <ClCompile Include="extLibs\freetype-gl\platform.c">
      <Filter>Source Files\extLibs\freetype-gl</Filter>
    </ClCompile>
    <ClCompile Include="extLibs\freetype-gl\texture-atlas.c">
      <Filter>Source Files\extLibs\freetype-gl</Filter>
    </ClCompile>
    <ClCompile Include="extLibs\freetype-gl\texture-font.c">
      <Filter>Source Files\extLibs\freetype-gl</Filter>
    </ClCompile>
    <ClCompile Include="extLibs\freetype-gl\vector.c">
      <Filter>Source Files\extLibs\freetype-gl</Filter>
    </ClCompile>
    <ClCompile Include="src\graphics\shader.cpp">
      <Filter>Source Files\graphics</Filter>
    </ClCompile>
    <ClCompile Include="src\graphics\texture.cpp">
      <Filter>Source Files\graphics</Filter>
    </ClCompile>
    <ClCompile Include="src\graphics\window.cpp">
      <Filter>Source Files\graphics</Filter>
    </ClCompile>
    <ClCompile Include="src\maths\vec4.cpp">
      <Filter>Source Files\maths</Filter>
    </ClCompile>
    <ClCompile Include="src\maths\mat4.cpp">
      <Filter>Source Files\maths</Filter>
    </ClCompile>
    <ClCompile Include="src\maths\vec2.cpp">
      <Filter>Source Files\maths</Filter>
    </ClCompile>
    <ClCompile Include="src\maths\vec3.cpp">
      <Filter>Source Files\maths</Filter>
    </ClCompile>
    <ClCompile Include="src\graphics\buffers\buffer.cpp">
      <Filter>Source Files\graphics\buffers</Filter>
    </ClCompile>
    <ClCompile Include="src\graphics\buffers\indexbuffer.cpp">
      <Filter>Source Files\graphics\buffers</Filter>
    </ClCompile>
    <ClCompile Include="src\graphics\buffers\vertexarray.cpp">
      <Filter>Source Files\graphics\buffers</Filter>
    </ClCompile>
    <ClCompile Include="src\graphics\batchrenderer2D.cpp">
      <Filter>Source Files\graphics\rendereres</Filter>
    </ClCompile>
    <ClCompile Include="src\graphics\simple2Drenderer.cpp">
      <Filter>Source Files\graphics\rendereres</Filter>
    </ClCompile>
    <ClCompile Include="src\graphics\layers\layer.cpp">
      <Filter>Source Files\graphics\layers</Filter>
    </ClCompile>
    <ClCompile Include="src\graphics\layers\tilelayer.cpp">
      <Filter>Source Files\graphics\layers</Filter>
    </ClCompile>
    <ClCompile Include="src\graphics\layers\group.cpp">
      <Filter>Source Files\graphics\layers</Filter>
    </ClCompile>
    <ClCompile Include="src\graphics\staticsprite.cpp">
      <Filter>Source Files\graphics\renderables</Filter>
    </ClCompile>
    <ClCompile Include="src\graphics\sprite.cpp">
      <Filter>Source Files\graphics\renderables</Filter>
    </ClCompile>
    <ClCompile Include="src\graphics\label.cpp">
      <Filter>Source Files\graphics\renderables</Filter>
    </ClCompile>
    <ClCompile Include="src\graphics\font.cpp">
      <Filter>Source Files\graphics</Filter>
    </ClCompile>
    <ClCompile Include="src\graphics\fontmanager.cpp">
      <Filter>Source Files\graphics</Filter>
    </ClCompile>
    <ClCompile Include="src\sound\sound.cpp">
      <Filter>Source Files</Filter>
    </ClCompile>
    <ClCompile Include="src\sound\soundmanager.cpp">
      <Filter>Source Files</Filter>
    </ClCompile>
    <ClCompile Include="extLibs\imgui\impl\imgui_impl_opengl3.cpp">
      <Filter>Source Files</Filter>
    </ClCompile>
    <ClCompile Include="extLibs\imgui\imgui.cpp">
      <Filter>Source Files</Filter>
    </ClCompile>
    <ClCompile Include="extLibs\imgui\imgui_demo.cpp">
      <Filter>Source Files</Filter>
    </ClCompile>
    <ClCompile Include="extLibs\imgui\imgui_draw.cpp">
      <Filter>Source Files</Filter>
    </ClCompile>
    <ClCompile Include="extLibs\imgui\imgui_tables.cpp">
      <Filter>Source Files</Filter>
    </ClCompile>
    <ClCompile Include="extLibs\imgui\imgui_widgets.cpp">
      <Filter>Source Files</Filter>
    </ClCompile>
    <ClCompile Include="extLibs\imgui\impl\imgui_impl_glfw.cpp">
      <Filter>Source Files</Filter>
    </ClCompile>
  </ItemGroup>
  <ItemGroup>
    <ClInclude Include="extLibs\freetype\include\ft2build.h">
      <Filter>Header Files\extLibs\freetype</Filter>
    </ClInclude>
    <ClInclude Include="extLibs\freetype\include\freetype\config\ftconfig.h">
      <Filter>Header Files\extLibs\freetype</Filter>
    </ClInclude>
    <ClInclude Include="extLibs\freetype\include\freetype\config\ftheader.h">
      <Filter>Header Files\extLibs\freetype</Filter>
    </ClInclude>
    <ClInclude Include="extLibs\freetype\include\freetype\config\ftmodule.h">
      <Filter>Header Files\extLibs\freetype</Filter>
    </ClInclude>
    <ClInclude Include="extLibs\freetype\include\freetype\config\ftoption.h">
      <Filter>Header Files\extLibs\freetype</Filter>
    </ClInclude>
    <ClInclude Include="extLibs\freetype\include\freetype\config\ftstdlib.h">
      <Filter>Header Files\extLibs\freetype</Filter>
    </ClInclude>
    <ClInclude Include="extLibs\freetype-gl\common.h">
      <Filter>Header Files\extLibs\freetype-gl</Filter>
    </ClInclude>
    <ClInclude Include="extLibs\freetype-gl\freetype-gl.h">
      <Filter>Header Files\extLibs\freetype-gl</Filter>
    </ClInclude>
    <ClInclude Include="extLibs\freetype-gl\ftgl-utils.h">
      <Filter>Header Files\extLibs\freetype-gl</Filter>
    </ClInclude>
    <ClInclude Include="extLibs\freetype-gl\opengl.h">
      <Filter>Header Files\extLibs\freetype-gl</Filter>
    </ClInclude>
    <ClInclude Include="extLibs\freetype-gl\platform.h">
      <Filter>Header Files\extLibs\freetype-gl</Filter>
    </ClInclude>
    <ClInclude Include="extLibs\freetype-gl\texture-atlas.h">
      <Filter>Header Files\extLibs\freetype-gl</Filter>
    </ClInclude>
    <ClInclude Include="extLibs\freetype-gl\texture-font.h">
      <Filter>Header Files\extLibs\freetype-gl</Filter>
    </ClInclude>
    <ClInclude Include="extLibs\freetype-gl\vec234.h">
      <Filter>Header Files\extLibs\freetype-gl</Filter>
    </ClInclude>
    <ClInclude Include="extLibs\freetype-gl\vector.h">
      <Filter>Header Files\extLibs\freetype-gl</Filter>
    </ClInclude>
    <ClInclude Include="src\graphics\shader.h">
      <Filter>Header Files\graphics</Filter>
    </ClInclude>
    <ClInclude Include="src\graphics\texture.h">
      <Filter>Header Files\graphics</Filter>
    </ClInclude>
    <ClInclude Include="src\graphics\window.h">
      <Filter>Header Files\graphics</Filter>
    </ClInclude>
    <ClInclude Include="src\maths\mat4.h">
      <Filter>Header Files\maths</Filter>
    </ClInclude>
    <ClInclude Include="src\maths\maths.h">
      <Filter>Header Files\maths</Filter>
    </ClInclude>
    <ClInclude Include="src\maths\maths_func.h">
      <Filter>Header Files\maths</Filter>
    </ClInclude>
    <ClInclude Include="src\maths\vec2.h">
      <Filter>Header Files\maths</Filter>
    </ClInclude>
    <ClInclude Include="src\maths\vec3.h">
      <Filter>Header Files\maths</Filter>
    </ClInclude>
    <ClInclude Include="src\maths\vec4.h">
      <Filter>Header Files\maths</Filter>
    </ClInclude>
    <ClInclude Include="src\utils\fileutils.h">
      <Filter>Header Files\utils</Filter>
    </ClInclude>
    <ClInclude Include="src\utils\imageloader.h">
      <Filter>Header Files\utils</Filter>
    </ClInclude>
    <ClInclude Include="src\utils\timer.h">
      <Filter>Header Files\utils</Filter>
    </ClInclude>
    <ClInclude Include="src\graphics\buffers\buffer.h">
      <Filter>Header Files\graphics\buffers</Filter>
    </ClInclude>
    <ClInclude Include="src\graphics\buffers\indexbuffer.h">
      <Filter>Header Files\graphics\buffers</Filter>
    </ClInclude>
    <ClInclude Include="src\graphics\buffers\vertexarray.h">
      <Filter>Header Files\graphics\buffers</Filter>
    </ClInclude>
    <ClInclude Include="src\graphics\batchrenderer2D.h">
      <Filter>Header Files\graphics\rendereres</Filter>
    </ClInclude>
    <ClInclude Include="src\graphics\simple2Drenderer.h">
      <Filter>Header Files\graphics\rendereres</Filter>
    </ClInclude>
    <ClInclude Include="src\graphics\renderer2D.h">
      <Filter>Header Files\graphics\rendereres</Filter>
    </ClInclude>
    <ClInclude Include="src\graphics\layers\layer.h">
      <Filter>Header Files\graphics\layers</Filter>
    </ClInclude>
    <ClInclude Include="src\graphics\layers\tilelayer.h">
      <Filter>Header Files\graphics\layers</Filter>
    </ClInclude>
    <ClInclude Include="src\graphics\layers\group.h">
      <Filter>Header Files\graphics\layers</Filter>
    </ClInclude>
    <ClInclude Include="src\graphics\sprite.h">
      <Filter>Header Files\graphics\renderables</Filter>
    </ClInclude>
    <ClInclude Include="src\graphics\staticsprite.h">
      <Filter>Header Files\graphics\renderables</Filter>
    </ClInclude>
    <ClInclude Include="src\graphics\renderable2D.h">
      <Filter>Header Files\graphics\renderables</Filter>
    </ClInclude>
    <ClInclude Include="src\graphics\label.h">
      <Filter>Header Files\graphics\renderables</Filter>
    </ClInclude>
    <ClInclude Include="src\graphics\font.h">
      <Filter>Header Files\graphics</Filter>
    </ClInclude>
    <ClInclude Include="GoldenEngine_Core.h">
      <Filter>Header Files</Filter>
    </ClInclude>
    <ClInclude Include="src\utils\timestep.h">
      <Filter>Header Files\utils</Filter>
    </ClInclude>
    <ClInclude Include="src\sound\sound.h">
      <Filter>Header Files</Filter>
    </ClInclude>
    <ClInclude Include="src\sound\soundmanager.h">
      <Filter>Header Files</Filter>
    </ClInclude>
    <ClInclude Include="GoldenEngineBufferPack.h">
      <Filter>Header Files</Filter>
    </ClInclude>
    <ClInclude Include="extLibs\imgui\impl\imgui_impl_opengl3.h">
      <Filter>Header Files</Filter>
    </ClInclude>
    <ClInclude Include="extLibs\imgui\imconfig.h">
      <Filter>Header Files</Filter>
    </ClInclude>
    <ClInclude Include="extLibs\imgui\imgui.h">
      <Filter>Header Files</Filter>
    </ClInclude>
    <ClInclude Include="extLibs\imgui\imgui_internal.h">
      <Filter>Header Files</Filter>
    </ClInclude>
    <ClInclude Include="extLibs\imgui\imstb_rectpack.h">
      <Filter>Header Files</Filter>
    </ClInclude>
    <ClInclude Include="extLibs\imgui\imstb_textedit.h">
      <Filter>Header Files</Filter>
    </ClInclude>
    <ClInclude Include="extLibs\imgui\imstb_truetype.h">
      <Filter>Header Files</Filter>
    </ClInclude>
    <ClInclude Include="extLibs\imgui\impl\imgui_impl_glfw.h">
      <Filter>Header Files</Filter>
    </ClInclude>
  </ItemGroup>
  <ItemGroup>
    <None Include="src\shaders\basic.frag">
      <Filter>Shaders</Filter>
    </None>
    <None Include="src\shaders\basic.vert">
      <Filter>Shaders</Filter>
    </None>
    <None Include="src\shaders\font.frag">
      <Filter>Shaders</Filter>
    </None>
    <None Include="src\graphics\fontmanager.h">
      <Filter>Header Files\graphics</Filter>
    </None>
  </ItemGroup>
</Project>